
Microsoft Visual Studio Solution File, Format Version 12.00
# Visual Studio 15
VisualStudioVersion = 15.0.28010.2046
MinimumVisualStudioVersion = 10.0.40219.1
Project("{FAE04EC0-301F-11D3-BF4B-00C04F79EFBC}") = "PiotrKoleczeklab1", "PiotrKoleczeklab1\PiotrKoleczeklab1.csproj", "{1D05DDB7-E3AE-4D25-9A52-7A6C8FC754B2}"
EndProject
Global
	GlobalSection(SolutionConfigurationPlatforms) = preSolution
		Debug|Any CPU = Debug|Any CPU
		Release|Any CPU = Release|Any CPU
	EndGlobalSection
	GlobalSection(ProjectConfigurationPlatforms) = postSolution
		{1D05DDB7-E3AE-4D25-9A52-7A6C8FC754B2}.Debug|Any CPU.ActiveCfg = Debug|Any CPU
		{1D05DDB7-E3AE-4D25-9A52-7A6C8FC754B2}.Debug|Any CPU.Build.0 = Debug|Any CPU
		{1D05DDB7-E3AE-4D25-9A52-7A6C8FC754B2}.Release|Any CPU.ActiveCfg = Release|Any CPU
		{1D05DDB7-E3AE-4D25-9A52-7A6C8FC754B2}.Release|Any CPU.Build.0 = Release|Any CPU
	EndGlobalSection
	GlobalSection(SolutionProperties) = preSolution
		HideSolutionNode = FALSE
	EndGlobalSection
	GlobalSection(ExtensibilityGlobals) = postSolution
		SolutionGuid = {7F7FEA58-BAAA-4D29-ACEF-552CCDFAB25C}
	EndGlobalSection
EndGlobal
